// !$*UTF8*$!
{
	archiveVersion = 1;
	classes = {
	};
	objectVersion = 46;
	objects = {

/* Begin PBXBuildFile section */
		5B199FBF180CA1A10052F3F0 /* lionbot.png in Resources */ = {isa = PBXBuildFile; fileRef = 5B199FBE180CA1A10052F3F0 /* lionbot.png */; };
		5B4D14F5180B14B50060361C /* Cocoa.framework in Frameworks */ = {isa = PBXBuildFile; fileRef = 5B4D14F4180B14B50060361C /* Cocoa.framework */; };
		5B4D14FF180B14B50060361C /* InfoPlist.strings in Resources */ = {isa = PBXBuildFile; fileRef = 5B4D14FD180B14B50060361C /* InfoPlist.strings */; };
		5B4D1501180B14B50060361C /* main.m in Sources */ = {isa = PBXBuildFile; fileRef = 5B4D1500180B14B50060361C /* main.m */; };
		5B4D1505180B14B50060361C /* Credits.rtf in Resources */ = {isa = PBXBuildFile; fileRef = 5B4D1503180B14B50060361C /* Credits.rtf */; };
		5B4D1508180B14B50060361C /* LIMAppDelegate.m in Sources */ = {isa = PBXBuildFile; fileRef = 5B4D1507180B14B50060361C /* LIMAppDelegate.m */; };
		5B4D150B180B14B50060361C /* MainMenu.xib in Resources */ = {isa = PBXBuildFile; fileRef = 5B4D1509180B14B50060361C /* MainMenu.xib */; };
		5B4D150D180B14B50060361C /* Images.xcassets in Resources */ = {isa = PBXBuildFile; fileRef = 5B4D150C180B14B50060361C /* Images.xcassets */; };
		5B4D1514180B14B60060361C /* XCTest.framework in Frameworks */ = {isa = PBXBuildFile; fileRef = 5B4D1513180B14B60060361C /* XCTest.framework */; };
		5B4D1515180B14B60060361C /* Cocoa.framework in Frameworks */ = {isa = PBXBuildFile; fileRef = 5B4D14F4180B14B50060361C /* Cocoa.framework */; };
		5B4D151D180B14B60060361C /* InfoPlist.strings in Resources */ = {isa = PBXBuildFile; fileRef = 5B4D151B180B14B60060361C /* InfoPlist.strings */; };
		5B4D151F180B14B60060361C /* Power_BotTests.m in Sources */ = {isa = PBXBuildFile; fileRef = 5B4D151E180B14B60060361C /* Power_BotTests.m */; };
		5B4D1532180B63A80060361C /* powerbot_charged_reverse.png in Resources */ = {isa = PBXBuildFile; fileRef = 5B4D152C180B63A80060361C /* powerbot_charged_reverse.png */; };
		5B4D1533180B63A80060361C /* powerbot_charged.png in Resources */ = {isa = PBXBuildFile; fileRef = 5B4D152D180B63A80060361C /* powerbot_charged.png */; };
		5B4D1534180B63A80060361C /* powerbot_charging_reverse.png in Resources */ = {isa = PBXBuildFile; fileRef = 5B4D152E180B63A80060361C /* powerbot_charging_reverse.png */; };
		5B4D1535180B63A80060361C /* powerbot_charging.png in Resources */ = {isa = PBXBuildFile; fileRef = 5B4D152F180B63A80060361C /* powerbot_charging.png */; };
		5B4D1536180B63A80060361C /* powerbot_discharged_reverse.png in Resources */ = {isa = PBXBuildFile; fileRef = 5B4D1530180B63A80060361C /* powerbot_discharged_reverse.png */; };
		5B4D1537180B63A80060361C /* powerbot_discharged.png in Resources */ = {isa = PBXBuildFile; fileRef = 5B4D1531180B63A80060361C /* powerbot_discharged.png */; };
		5B4D1539180B6CC10060361C /* powerbot.png in Resources */ = {isa = PBXBuildFile; fileRef = 5B4D1538180B6CC10060361C /* powerbot.png */; };
/* End PBXBuildFile section */

/* Begin PBXContainerItemProxy section */
		5B4D1516180B14B60060361C /* PBXContainerItemProxy */ = {
			isa = PBXContainerItemProxy;
			containerPortal = 5B4D14E9180B14B50060361C /* Project object */;
			proxyType = 1;
			remoteGlobalIDString = 5B4D14F0180B14B50060361C;
			remoteInfo = "Power Bot";
		};
/* End PBXContainerItemProxy section */

/* Begin PBXFileReference section */
		5B199FBE180CA1A10052F3F0 /* lionbot.png */ = {isa = PBXFileReference; lastKnownFileType = image.png; path = lionbot.png; sourceTree = "<group>"; };
		5B4D14F1180B14B50060361C /* Lion Bot.app */ = {isa = PBXFileReference; explicitFileType = wrapper.application; includeInIndex = 0; path = "Lion Bot.app"; sourceTree = BUILT_PRODUCTS_DIR; };
		5B4D14F4180B14B50060361C /* Cocoa.framework */ = {isa = PBXFileReference; lastKnownFileType = wrapper.framework; name = Cocoa.framework; path = System/Library/Frameworks/Cocoa.framework; sourceTree = SDKROOT; };
		5B4D14F7180B14B50060361C /* AppKit.framework */ = {isa = PBXFileReference; lastKnownFileType = wrapper.framework; name = AppKit.framework; path = System/Library/Frameworks/AppKit.framework; sourceTree = SDKROOT; };
		5B4D14F8180B14B50060361C /* CoreData.framework */ = {isa = PBXFileReference; lastKnownFileType = wrapper.framework; name = CoreData.framework; path = System/Library/Frameworks/CoreData.framework; sourceTree = SDKROOT; };
		5B4D14F9180B14B50060361C /* Foundation.framework */ = {isa = PBXFileReference; lastKnownFileType = wrapper.framework; name = Foundation.framework; path = System/Library/Frameworks/Foundation.framework; sourceTree = SDKROOT; };
		5B4D14FC180B14B50060361C /* Lion Bot-Info.plist */ = {isa = PBXFileReference; lastKnownFileType = text.plist.xml; path = "Lion Bot-Info.plist"; sourceTree = "<group>"; };
		5B4D14FE180B14B50060361C /* en */ = {isa = PBXFileReference; lastKnownFileType = text.plist.strings; name = en; path = en.lproj/InfoPlist.strings; sourceTree = "<group>"; };
		5B4D1500180B14B50060361C /* main.m */ = {isa = PBXFileReference; lastKnownFileType = sourcecode.c.objc; path = main.m; sourceTree = "<group>"; };
		5B4D1502180B14B50060361C /* Lion Bot-Prefix.pch */ = {isa = PBXFileReference; lastKnownFileType = sourcecode.c.h; path = "Lion Bot-Prefix.pch"; sourceTree = "<group>"; };
		5B4D1504180B14B50060361C /* en */ = {isa = PBXFileReference; lastKnownFileType = text.rtf; name = en; path = en.lproj/Credits.rtf; sourceTree = "<group>"; };
		5B4D1506180B14B50060361C /* LIMAppDelegate.h */ = {isa = PBXFileReference; lastKnownFileType = sourcecode.c.h; path = LIMAppDelegate.h; sourceTree = "<group>"; };
		5B4D1507180B14B50060361C /* LIMAppDelegate.m */ = {isa = PBXFileReference; lastKnownFileType = sourcecode.c.objc; path = LIMAppDelegate.m; sourceTree = "<group>"; };
		5B4D150A180B14B50060361C /* Base */ = {isa = PBXFileReference; lastKnownFileType = file.xib; name = Base; path = Base.lproj/MainMenu.xib; sourceTree = "<group>"; };
		5B4D150C180B14B50060361C /* Images.xcassets */ = {isa = PBXFileReference; lastKnownFileType = folder.assetcatalog; path = Images.xcassets; sourceTree = "<group>"; };
		5B4D1512180B14B60060361C /* Lion BotTests.xctest */ = {isa = PBXFileReference; explicitFileType = wrapper.cfbundle; includeInIndex = 0; path = "Lion BotTests.xctest"; sourceTree = BUILT_PRODUCTS_DIR; };
		5B4D1513180B14B60060361C /* XCTest.framework */ = {isa = PBXFileReference; lastKnownFileType = wrapper.framework; name = XCTest.framework; path = Library/Frameworks/XCTest.framework; sourceTree = DEVELOPER_DIR; };
		5B4D151A180B14B60060361C /* Lion BotTests-Info.plist */ = {isa = PBXFileReference; lastKnownFileType = text.plist.xml; path = "Lion BotTests-Info.plist"; sourceTree = "<group>"; };
		5B4D151C180B14B60060361C /* en */ = {isa = PBXFileReference; lastKnownFileType = text.plist.strings; name = en; path = en.lproj/InfoPlist.strings; sourceTree = "<group>"; };
		5B4D151E180B14B60060361C /* Power_BotTests.m */ = {isa = PBXFileReference; lastKnownFileType = sourcecode.c.objc; path = Power_BotTests.m; sourceTree = "<group>"; };
		5B4D152C180B63A80060361C /* powerbot_charged_reverse.png */ = {isa = PBXFileReference; lastKnownFileType = image.png; path = powerbot_charged_reverse.png; sourceTree = "<group>"; };
		5B4D152D180B63A80060361C /* powerbot_charged.png */ = {isa = PBXFileReference; lastKnownFileType = image.png; path = powerbot_charged.png; sourceTree = "<group>"; };
		5B4D152E180B63A80060361C /* powerbot_charging_reverse.png */ = {isa = PBXFileReference; lastKnownFileType = image.png; path = powerbot_charging_reverse.png; sourceTree = "<group>"; };
		5B4D152F180B63A80060361C /* powerbot_charging.png */ = {isa = PBXFileReference; lastKnownFileType = image.png; path = powerbot_charging.png; sourceTree = "<group>"; };
		5B4D1530180B63A80060361C /* powerbot_discharged_reverse.png */ = {isa = PBXFileReference; lastKnownFileType = image.png; path = powerbot_discharged_reverse.png; sourceTree = "<group>"; };
		5B4D1531180B63A80060361C /* powerbot_discharged.png */ = {isa = PBXFileReference; lastKnownFileType = image.png; path = powerbot_discharged.png; sourceTree = "<group>"; };
		5B4D1538180B6CC10060361C /* powerbot.png */ = {isa = PBXFileReference; lastKnownFileType = image.png; path = powerbot.png; sourceTree = "<group>"; };
/* End PBXFileReference section */

/* Begin PBXFrameworksBuildPhase section */
		5B4D14EE180B14B50060361C /* Frameworks */ = {
			isa = PBXFrameworksBuildPhase;
			buildActionMask = 2147483647;
			files = (
				5B4D14F5180B14B50060361C /* Cocoa.framework in Frameworks */,
			);
			runOnlyForDeploymentPostprocessing = 0;
		};
		5B4D150F180B14B60060361C /* Frameworks */ = {
			isa = PBXFrameworksBuildPhase;
			buildActionMask = 2147483647;
			files = (
				5B4D1515180B14B60060361C /* Cocoa.framework in Frameworks */,
				5B4D1514180B14B60060361C /* XCTest.framework in Frameworks */,
			);
			runOnlyForDeploymentPostprocessing = 0;
		};
/* End PBXFrameworksBuildPhase section */

/* Begin PBXGroup section */
		5B4D14E8180B14B50060361C = {
			isa = PBXGroup;
			children = (
				5B4D14FA180B14B50060361C /* Power Bot */,
				5B4D1518180B14B60060361C /* Power BotTests */,
				5B4D14F3180B14B50060361C /* Frameworks */,
				5B4D14F2180B14B50060361C /* Products */,
			);
			sourceTree = "<group>";
		};
		5B4D14F2180B14B50060361C /* Products */ = {
			isa = PBXGroup;
			children = (
				5B4D14F1180B14B50060361C /* Lion Bot.app */,
				5B4D1512180B14B60060361C /* Lion BotTests.xctest */,
			);
			name = Products;
			sourceTree = "<group>";
		};
		5B4D14F3180B14B50060361C /* Frameworks */ = {
			isa = PBXGroup;
			children = (
				5B4D14F4180B14B50060361C /* Cocoa.framework */,
				5B4D1513180B14B60060361C /* XCTest.framework */,
				5B4D14F6180B14B50060361C /* Other Frameworks */,
			);
			name = Frameworks;
			sourceTree = "<group>";
		};
		5B4D14F6180B14B50060361C /* Other Frameworks */ = {
			isa = PBXGroup;
			children = (
				5B4D14F7180B14B50060361C /* AppKit.framework */,
				5B4D14F8180B14B50060361C /* CoreData.framework */,
				5B4D14F9180B14B50060361C /* Foundation.framework */,
			);
			name = "Other Frameworks";
			sourceTree = "<group>";
		};
		5B4D14FA180B14B50060361C /* Power Bot */ = {
			isa = PBXGroup;
			children = (
				5B4D1506180B14B50060361C /* LIMAppDelegate.h */,
				5B4D1507180B14B50060361C /* LIMAppDelegate.m */,
				5B4D1509180B14B50060361C /* MainMenu.xib */,
				5B4D152C180B63A80060361C /* powerbot_charged_reverse.png */,
				5B4D152D180B63A80060361C /* powerbot_charged.png */,
				5B4D152E180B63A80060361C /* powerbot_charging_reverse.png */,
				5B4D152F180B63A80060361C /* powerbot_charging.png */,
				5B4D1530180B63A80060361C /* powerbot_discharged_reverse.png */,
				5B4D1538180B6CC10060361C /* powerbot.png */,
				5B199FBE180CA1A10052F3F0 /* lionbot.png */,
				5B4D1531180B63A80060361C /* powerbot_discharged.png */,
				5B4D150C180B14B50060361C /* Images.xcassets */,
				5B4D14FB180B14B50060361C /* Supporting Files */,
			);
			path = "Power Bot";
			sourceTree = "<group>";
		};
		5B4D14FB180B14B50060361C /* Supporting Files */ = {
			isa = PBXGroup;
			children = (
				5B4D14FC180B14B50060361C /* Lion Bot-Info.plist */,
				5B4D14FD180B14B50060361C /* InfoPlist.strings */,
				5B4D1500180B14B50060361C /* main.m */,
				5B4D1502180B14B50060361C /* Lion Bot-Prefix.pch */,
				5B4D1503180B14B50060361C /* Credits.rtf */,
			);
			name = "Supporting Files";
			sourceTree = "<group>";
		};
		5B4D1518180B14B60060361C /* Power BotTests */ = {
			isa = PBXGroup;
			children = (
				5B4D151E180B14B60060361C /* Power_BotTests.m */,
				5B4D1519180B14B60060361C /* Supporting Files */,
			);
			path = "Power BotTests";
			sourceTree = "<group>";
		};
		5B4D1519180B14B60060361C /* Supporting Files */ = {
			isa = PBXGroup;
			children = (
				5B4D151A180B14B60060361C /* Lion BotTests-Info.plist */,
				5B4D151B180B14B60060361C /* InfoPlist.strings */,
			);
			name = "Supporting Files";
			sourceTree = "<group>";
		};
/* End PBXGroup section */

/* Begin PBXNativeTarget section */
		5B4D14F0180B14B50060361C /* Lion Bot */ = {
			isa = PBXNativeTarget;
			buildConfigurationList = 5B4D1522180B14B60060361C /* Build configuration list for PBXNativeTarget "Lion Bot" */;
			buildPhases = (
				5B4D14ED180B14B50060361C /* Sources */,
				5B4D14EE180B14B50060361C /* Frameworks */,
				5B4D14EF180B14B50060361C /* Resources */,
			);
			buildRules = (
			);
			dependencies = (
			);
			name = "Lion Bot";
			productName = "Power Bot";
			productReference = 5B4D14F1180B14B50060361C /* Lion Bot.app */;
			productType = "com.apple.product-type.application";
		};
		5B4D1511180B14B60060361C /* Lion BotTests */ = {
			isa = PBXNativeTarget;
			buildConfigurationList = 5B4D1525180B14B60060361C /* Build configuration list for PBXNativeTarget "Lion BotTests" */;
			buildPhases = (
				5B4D150E180B14B60060361C /* Sources */,
				5B4D150F180B14B60060361C /* Frameworks */,
				5B4D1510180B14B60060361C /* Resources */,
			);
			buildRules = (
			);
			dependencies = (
				5B4D1517180B14B60060361C /* PBXTargetDependency */,
			);
			name = "Lion BotTests";
			productName = "Power BotTests";
			productReference = 5B4D1512180B14B60060361C /* Lion BotTests.xctest */;
			productType = "com.apple.product-type.bundle.unit-test";
		};
/* End PBXNativeTarget section */

/* Begin PBXProject section */
		5B4D14E9180B14B50060361C /* Project object */ = {
			isa = PBXProject;
			attributes = {
				CLASSPREFIX = LIM;
				LastUpgradeCheck = 0500;
				ORGANIZATIONNAME = Limbero;
				TargetAttributes = {
					5B4D1511180B14B60060361C = {
						TestTargetID = 5B4D14F0180B14B50060361C;
					};
				};
			};
			buildConfigurationList = 5B4D14EC180B14B50060361C /* Build configuration list for PBXProject "Lion Bot" */;
			compatibilityVersion = "Xcode 3.2";
			developmentRegion = English;
			hasScannedForEncodings = 0;
			knownRegions = (
				en,
				Base,
			);
			mainGroup = 5B4D14E8180B14B50060361C;
			productRefGroup = 5B4D14F2180B14B50060361C /* Products */;
			projectDirPath = "";
			projectRoot = "";
			targets = (
				5B4D14F0180B14B50060361C /* Lion Bot */,
				5B4D1511180B14B60060361C /* Lion BotTests */,
			);
		};
/* End PBXProject section */

/* Begin PBXResourcesBuildPhase section */
		5B4D14EF180B14B50060361C /* Resources */ = {
			isa = PBXResourcesBuildPhase;
			buildActionMask = 2147483647;
			files = (
				5B4D14FF180B14B50060361C /* InfoPlist.strings in Resources */,
				5B4D150D180B14B50060361C /* Images.xcassets in Resources */,
				5B4D1533180B63A80060361C /* powerbot_charged.png in Resources */,
				5B4D1536180B63A80060361C /* powerbot_discharged_reverse.png in Resources */,
				5B4D1534180B63A80060361C /* powerbot_charging_reverse.png in Resources */,
				5B199FBF180CA1A10052F3F0 /* lionbot.png in Resources */,
				5B4D1539180B6CC10060361C /* powerbot.png in Resources */,
				5B4D1535180B63A80060361C /* powerbot_charging.png in Resources */,
				5B4D1532180B63A80060361C /* powerbot_charged_reverse.png in Resources */,
				5B4D1505180B14B50060361C /* Credits.rtf in Resources */,
				5B4D150B180B14B50060361C /* MainMenu.xib in Resources */,
				5B4D1537180B63A80060361C /* powerbot_discharged.png in Resources */,
			);
			runOnlyForDeploymentPostprocessing = 0;
		};
		5B4D1510180B14B60060361C /* Resources */ = {
			isa = PBXResourcesBuildPhase;
			buildActionMask = 2147483647;
			files = (
				5B4D151D180B14B60060361C /* InfoPlist.strings in Resources */,
			);
			runOnlyForDeploymentPostprocessing = 0;
		};
/* End PBXResourcesBuildPhase section */

/* Begin PBXSourcesBuildPhase section */
		5B4D14ED180B14B50060361C /* Sources */ = {
			isa = PBXSourcesBuildPhase;
			buildActionMask = 2147483647;
			files = (
				5B4D1501180B14B50060361C /* main.m in Sources */,
				5B4D1508180B14B50060361C /* LIMAppDelegate.m in Sources */,
			);
			runOnlyForDeploymentPostprocessing = 0;
		};
		5B4D150E180B14B60060361C /* Sources */ = {
			isa = PBXSourcesBuildPhase;
			buildActionMask = 2147483647;
			files = (
				5B4D151F180B14B60060361C /* Power_BotTests.m in Sources */,
			);
			runOnlyForDeploymentPostprocessing = 0;
		};
/* End PBXSourcesBuildPhase section */

/* Begin PBXTargetDependency section */
		5B4D1517180B14B60060361C /* PBXTargetDependency */ = {
			isa = PBXTargetDependency;
			target = 5B4D14F0180B14B50060361C /* Lion Bot */;
			targetProxy = 5B4D1516180B14B60060361C /* PBXContainerItemProxy */;
		};
/* End PBXTargetDependency section */

/* Begin PBXVariantGroup section */
		5B4D14FD180B14B50060361C /* InfoPlist.strings */ = {
			isa = PBXVariantGroup;
			children = (
				5B4D14FE180B14B50060361C /* en */,
			);
			name = InfoPlist.strings;
			sourceTree = "<group>";
		};
		5B4D1503180B14B50060361C /* Credits.rtf */ = {
			isa = PBXVariantGroup;
			children = (
				5B4D1504180B14B50060361C /* en */,
			);
			name = Credits.rtf;
			sourceTree = "<group>";
		};
		5B4D1509180B14B50060361C /* MainMenu.xib */ = {
			isa = PBXVariantGroup;
			children = (
				5B4D150A180B14B50060361C /* Base */,
			);
			name = MainMenu.xib;
			sourceTree = "<group>";
		};
		5B4D151B180B14B60060361C /* InfoPlist.strings */ = {
			isa = PBXVariantGroup;
			children = (
				5B4D151C180B14B60060361C /* en */,
			);
			name = InfoPlist.strings;
			sourceTree = "<group>";
		};
/* End PBXVariantGroup section */

/* Begin XCBuildConfiguration section */
		5B4D1520180B14B60060361C /* Debug */ = {
			isa = XCBuildConfiguration;
			buildSettings = {
				ALWAYS_SEARCH_USER_PATHS = NO;
				CLANG_CXX_LANGUAGE_STANDARD = "gnu++0x";
				CLANG_CXX_LIBRARY = "libc++";
				CLANG_ENABLE_OBJC_ARC = YES;
				CLANG_WARN_BOOL_CONVERSION = YES;
				CLANG_WARN_CONSTANT_CONVERSION = YES;
				CLANG_WARN_DIRECT_OBJC_ISA_USAGE = YES_ERROR;
				CLANG_WARN_EMPTY_BODY = YES;
				CLANG_WARN_ENUM_CONVERSION = YES;
				CLANG_WARN_INT_CONVERSION = YES;
				CLANG_WARN_OBJC_ROOT_CLASS = YES_ERROR;
				CLANG_WARN__DUPLICATE_METHOD_MATCH = YES;
				COPY_PHASE_STRIP = NO;
				GCC_C_LANGUAGE_STANDARD = gnu99;
				GCC_DYNAMIC_NO_PIC = NO;
				GCC_ENABLE_OBJC_EXCEPTIONS = YES;
				GCC_OPTIMIZATION_LEVEL = 0;
				GCC_PREPROCESSOR_DEFINITIONS = (
					"DEBUG=1",
					"$(inherited)",
				);
				GCC_SYMBOLS_PRIVATE_EXTERN = NO;
				GCC_WARN_64_TO_32_BIT_CONVERSION = YES;
				GCC_WARN_ABOUT_RETURN_TYPE = YES_ERROR;
				GCC_WARN_UNDECLARED_SELECTOR = YES;
				GCC_WARN_UNINITIALIZED_AUTOS = YES;
				GCC_WARN_UNUSED_FUNCTION = YES;
				GCC_WARN_UNUSED_VARIABLE = YES;
				MACOSX_DEPLOYMENT_TARGET = 10.8;
				ONLY_ACTIVE_ARCH = YES;
				SDKROOT = macosx;
			};
			name = Debug;
		};
		5B4D1521180B14B60060361C /* Release */ = {
			isa = XCBuildConfiguration;
			buildSettings = {
				ALWAYS_SEARCH_USER_PATHS = NO;
				CLANG_CXX_LANGUAGE_STANDARD = "gnu++0x";
				CLANG_CXX_LIBRARY = "libc++";
				CLANG_ENABLE_OBJC_ARC = YES;
				CLANG_WARN_BOOL_CONVERSION = YES;
				CLANG_WARN_CONSTANT_CONVERSION = YES;
				CLANG_WARN_DIRECT_OBJC_ISA_USAGE = YES_ERROR;
				CLANG_WARN_EMPTY_BODY = YES;
				CLANG_WARN_ENUM_CONVERSION = YES;
				CLANG_WARN_INT_CONVERSION = YES;
				CLANG_WARN_OBJC_ROOT_CLASS = YES_ERROR;
				CLANG_WARN__DUPLICATE_METHOD_MATCH = YES;
				COPY_PHASE_STRIP = YES;
				DEBUG_INFORMATION_FORMAT = "dwarf-with-dsym";
				ENABLE_NS_ASSERTIONS = NO;
				GCC_C_LANGUAGE_STANDARD = gnu99;
				GCC_ENABLE_OBJC_EXCEPTIONS = YES;
				GCC_WARN_64_TO_32_BIT_CONVERSION = YES;
				GCC_WARN_ABOUT_RETURN_TYPE = YES_ERROR;
				GCC_WARN_UNDECLARED_SELECTOR = YES;
				GCC_WARN_UNINITIALIZED_AUTOS = YES;
				GCC_WARN_UNUSED_FUNCTION = YES;
				GCC_WARN_UNUSED_VARIABLE = YES;
				MACOSX_DEPLOYMENT_TARGET = 10.8;
				SDKROOT = macosx;
			};
			name = Release;
		};
		5B4D1523180B14B60060361C /* Debug */ = {
			isa = XCBuildConfiguration;
			buildSettings = {
				ASSETCATALOG_COMPILER_APPICON_NAME = AppIcon;
				COMBINE_HIDPI_IMAGES = YES;
				GCC_PRECOMPILE_PREFIX_HEADER = YES;
				GCC_PREFIX_HEADER = "Power Bot/Lion Bot-Prefix.pch";
				INFOPLIST_FILE = "Power Bot/Lion Bot-Info.plist";
				PRODUCT_NAME = "Lion Bot";
				WRAPPER_EXTENSION = app;
			};
			name = Debug;
		};
		5B4D1524180B14B60060361C /* Release */ = {
			isa = XCBuildConfiguration;
			buildSettings = {
				ASSETCATALOG_COMPILER_APPICON_NAME = AppIcon;
				COMBINE_HIDPI_IMAGES = YES;
				GCC_PRECOMPILE_PREFIX_HEADER = YES;
				GCC_PREFIX_HEADER = "Power Bot/Lion Bot-Prefix.pch";
				INFOPLIST_FILE = "Power Bot/Lion Bot-Info.plist";
				PRODUCT_NAME = "Lion Bot";
				WRAPPER_EXTENSION = app;
			};
			name = Release;
		};
		5B4D1526180B14B60060361C /* Debug */ = {
			isa = XCBuildConfiguration;
			buildSettings = {
				BUNDLE_LOADER = "$(BUILT_PRODUCTS_DIR)/Power Bot.app/Contents/MacOS/Power Bot";
				COMBINE_HIDPI_IMAGES = YES;
				FRAMEWORK_SEARCH_PATHS = (
					"$(DEVELOPER_FRAMEWORKS_DIR)",
					"$(inherited)",
				);
				GCC_PRECOMPILE_PREFIX_HEADER = YES;
				GCC_PREFIX_HEADER = "Power Bot/Power Bot-Prefix.pch";
				GCC_PREPROCESSOR_DEFINITIONS = (
					"DEBUG=1",
					"$(inherited)",
				);
				INFOPLIST_FILE = "Power BotTests/Lion BotTests-Info.plist";
				PRODUCT_NAME = "Lion BotTests";
				TEST_HOST = "$(BUNDLE_LOADER)";
				WRAPPER_EXTENSION = xctest;
			};
			name = Debug;
		};
		5B4D1527180B14B60060361C /* Release */ = {
			isa = XCBuildConfiguration;
			buildSettings = {
				BUNDLE_LOADER = "$(BUILT_PRODUCTS_DIR)/Power Bot.app/Contents/MacOS/Power Bot";
				COMBINE_HIDPI_IMAGES = YES;
				FRAMEWORK_SEARCH_PATHS = (
					"$(DEVELOPER_FRAMEWORKS_DIR)",
					"$(inherited)",
				);
				GCC_PRECOMPILE_PREFIX_HEADER = YES;
				GCC_PREFIX_HEADER = "Power Bot/Power Bot-Prefix.pch";
				INFOPLIST_FILE = "Power BotTests/Lion BotTests-Info.plist";
				PRODUCT_NAME = "Lion BotTests";
				TEST_HOST = "$(BUNDLE_LOADER)";
				WRAPPER_EXTENSION = xctest;
			};
			name = Release;
		};
/* End XCBuildConfiguration section */

/* Begin XCConfigurationList section */
		5B4D14EC180B14B50060361C /* Build configuration list for PBXProject "Lion Bot" */ = {
			isa = XCConfigurationList;
			buildConfigurations = (
				5B4D1520180B14B60060361C /* Debug */,
				5B4D1521180B14B60060361C /* Release */,
			);
			defaultConfigurationIsVisible = 0;
			defaultConfigurationName = Release;
		};
		5B4D1522180B14B60060361C /* Build configuration list for PBXNativeTarget "Lion Bot" */ = {
			isa = XCConfigurationList;
			buildConfigurations = (
				5B4D1523180B14B60060361C /* Debug */,
				5B4D1524180B14B60060361C /* Release */,
			);
			defaultConfigurationIsVisible = 0;
			defaultConfigurationName = Release;
		};
		5B4D1525180B14B60060361C /* Build configuration list for PBXNativeTarget "Lion BotTests" */ = {
			isa = XCConfigurationList;
			buildConfigurations = (
				5B4D1526180B14B60060361C /* Debug */,
				5B4D1527180B14B60060361C /* Release */,
			);
			defaultConfigurationIsVisible = 0;
			defaultConfigurationName = Release;
		};
/* End XCConfigurationList section */
	};
	rootObject = 5B4D14E9180B14B50060361C /* Project object */;
}
